// !$*UTF8*$!
{
	archiveVersion = 1;
	classes = {
	};
	objectVersion = 56;
	objects = {

/* Begin PBXBuildFile section */
		1515F8BF2C1B7CC9002AC85D /* CollectionViewTableViewCell.swift in Sources */ = {isa = PBXBuildFile; fileRef = 1515F8BE2C1B7CC9002AC85D /* CollectionViewTableViewCell.swift */; };
		1515F8C12C1BBC0B002AC85D /* HomeHeaderUIView.swift in Sources */ = {isa = PBXBuildFile; fileRef = 1515F8C02C1BBC0B002AC85D /* HomeHeaderUIView.swift */; };
		1544A7BF2C1A332600C399A5 /* AppDelegate.swift in Sources */ = {isa = PBXBuildFile; fileRef = 1544A7BE2C1A332600C399A5 /* AppDelegate.swift */; };
		1544A7C12C1A332600C399A5 /* SceneDelegate.swift in Sources */ = {isa = PBXBuildFile; fileRef = 1544A7C02C1A332600C399A5 /* SceneDelegate.swift */; };
		1544A7C32C1A332600C399A5 /* MainTabBarViewController.swift in Sources */ = {isa = PBXBuildFile; fileRef = 1544A7C22C1A332600C399A5 /* MainTabBarViewController.swift */; };
		1544A7C92C1A332600C399A5 /* Netflix_Clone.xcdatamodeld in Sources */ = {isa = PBXBuildFile; fileRef = 1544A7C72C1A332600C399A5 /* Netflix_Clone.xcdatamodeld */; };
		1544A7CB2C1A332800C399A5 /* Assets.xcassets in Resources */ = {isa = PBXBuildFile; fileRef = 1544A7CA2C1A332800C399A5 /* Assets.xcassets */; };
		1544A7CE2C1A332800C399A5 /* Base in Resources */ = {isa = PBXBuildFile; fileRef = 1544A7CD2C1A332800C399A5 /* Base */; };
		1544A7D92C1A332800C399A5 /* Netflix_CloneTests.swift in Sources */ = {isa = PBXBuildFile; fileRef = 1544A7D82C1A332800C399A5 /* Netflix_CloneTests.swift */; };
		1544A7E32C1A332800C399A5 /* Netflix_CloneUITests.swift in Sources */ = {isa = PBXBuildFile; fileRef = 1544A7E22C1A332800C399A5 /* Netflix_CloneUITests.swift */; };
		1544A7E52C1A332800C399A5 /* Netflix_CloneUITestsLaunchTests.swift in Sources */ = {isa = PBXBuildFile; fileRef = 1544A7E42C1A332800C399A5 /* Netflix_CloneUITestsLaunchTests.swift */; };
		1591E1F62C1A68E7008259DB /* HomeViewController.swift in Sources */ = {isa = PBXBuildFile; fileRef = 1591E1F52C1A68E7008259DB /* HomeViewController.swift */; };
		1591E1F82C1A6901008259DB /* UpcomingViewController.swift in Sources */ = {isa = PBXBuildFile; fileRef = 1591E1F72C1A6901008259DB /* UpcomingViewController.swift */; };
		1591E1FA2C1A692D008259DB /* SearchViewController.swift in Sources */ = {isa = PBXBuildFile; fileRef = 1591E1F92C1A692D008259DB /* SearchViewController.swift */; };
		1591E1FC2C1A6946008259DB /* DownloudsViewController.swift in Sources */ = {isa = PBXBuildFile; fileRef = 1591E1FB2C1A6946008259DB /* DownloudsViewController.swift */; };
		15AD23DD2C1FB1800043C11C /* CallApi.swift in Sources */ = {isa = PBXBuildFile; fileRef = 15AD23DC2C1FB1800043C11C /* CallApi.swift */; };
		15AD23DF2C1FC6AD0043C11C /* Movie.swift in Sources */ = {isa = PBXBuildFile; fileRef = 15AD23DE2C1FC6AD0043C11C /* Movie.swift */; };
/* End PBXBuildFile section */

/* Begin PBXContainerItemProxy section */
		1544A7D52C1A332800C399A5 /* PBXContainerItemProxy */ = {
			isa = PBXContainerItemProxy;
			containerPortal = 1544A7B32C1A332600C399A5 /* Project object */;
			proxyType = 1;
			remoteGlobalIDString = 1544A7BA2C1A332600C399A5;
			remoteInfo = "Netflix Clone";
		};
		1544A7DF2C1A332800C399A5 /* PBXContainerItemProxy */ = {
			isa = PBXContainerItemProxy;
			containerPortal = 1544A7B32C1A332600C399A5 /* Project object */;
			proxyType = 1;
			remoteGlobalIDString = 1544A7BA2C1A332600C399A5;
			remoteInfo = "Netflix Clone";
		};
/* End PBXContainerItemProxy section */

/* Begin PBXFileReference section */
		1515F8BE2C1B7CC9002AC85D /* CollectionViewTableViewCell.swift */ = {isa = PBXFileReference; lastKnownFileType = sourcecode.swift; path = CollectionViewTableViewCell.swift; sourceTree = "<group>"; };
		1515F8C02C1BBC0B002AC85D /* HomeHeaderUIView.swift */ = {isa = PBXFileReference; lastKnownFileType = sourcecode.swift; path = HomeHeaderUIView.swift; sourceTree = "<group>"; };
		1544A7BB2C1A332600C399A5 /* Netflix Clone.app */ = {isa = PBXFileReference; explicitFileType = wrapper.application; includeInIndex = 0; path = "Netflix Clone.app"; sourceTree = BUILT_PRODUCTS_DIR; };
		1544A7BE2C1A332600C399A5 /* AppDelegate.swift */ = {isa = PBXFileReference; lastKnownFileType = sourcecode.swift; path = AppDelegate.swift; sourceTree = "<group>"; };
		1544A7C02C1A332600C399A5 /* SceneDelegate.swift */ = {isa = PBXFileReference; lastKnownFileType = sourcecode.swift; path = SceneDelegate.swift; sourceTree = "<group>"; };
		1544A7C22C1A332600C399A5 /* MainTabBarViewController.swift */ = {isa = PBXFileReference; lastKnownFileType = sourcecode.swift; path = MainTabBarViewController.swift; sourceTree = "<group>"; };
		1544A7C82C1A332600C399A5 /* Netflix_Clone.xcdatamodel */ = {isa = PBXFileReference; lastKnownFileType = wrapper.xcdatamodel; path = Netflix_Clone.xcdatamodel; sourceTree = "<group>"; };
		1544A7CA2C1A332800C399A5 /* Assets.xcassets */ = {isa = PBXFileReference; lastKnownFileType = folder.assetcatalog; path = Assets.xcassets; sourceTree = "<group>"; };
		1544A7CD2C1A332800C399A5 /* Base */ = {isa = PBXFileReference; lastKnownFileType = file.storyboard; name = Base; path = Base.lproj/LaunchScreen.storyboard; sourceTree = "<group>"; };
		1544A7CF2C1A332800C399A5 /* Info.plist */ = {isa = PBXFileReference; lastKnownFileType = text.plist.xml; path = Info.plist; sourceTree = "<group>"; };
		1544A7D42C1A332800C399A5 /* Netflix CloneTests.xctest */ = {isa = PBXFileReference; explicitFileType = wrapper.cfbundle; includeInIndex = 0; path = "Netflix CloneTests.xctest"; sourceTree = BUILT_PRODUCTS_DIR; };
		1544A7D82C1A332800C399A5 /* Netflix_CloneTests.swift */ = {isa = PBXFileReference; lastKnownFileType = sourcecode.swift; path = Netflix_CloneTests.swift; sourceTree = "<group>"; };
		1544A7DE2C1A332800C399A5 /* Netflix CloneUITests.xctest */ = {isa = PBXFileReference; explicitFileType = wrapper.cfbundle; includeInIndex = 0; path = "Netflix CloneUITests.xctest"; sourceTree = BUILT_PRODUCTS_DIR; };
		1544A7E22C1A332800C399A5 /* Netflix_CloneUITests.swift */ = {isa = PBXFileReference; lastKnownFileType = sourcecode.swift; path = Netflix_CloneUITests.swift; sourceTree = "<group>"; };
		1544A7E42C1A332800C399A5 /* Netflix_CloneUITestsLaunchTests.swift */ = {isa = PBXFileReference; lastKnownFileType = sourcecode.swift; path = Netflix_CloneUITestsLaunchTests.swift; sourceTree = "<group>"; };
		1591E1F52C1A68E7008259DB /* HomeViewController.swift */ = {isa = PBXFileReference; lastKnownFileType = sourcecode.swift; path = HomeViewController.swift; sourceTree = "<group>"; };
		1591E1F72C1A6901008259DB /* UpcomingViewController.swift */ = {isa = PBXFileReference; lastKnownFileType = sourcecode.swift; path = UpcomingViewController.swift; sourceTree = "<group>"; };
		1591E1F92C1A692D008259DB /* SearchViewController.swift */ = {isa = PBXFileReference; lastKnownFileType = sourcecode.swift; path = SearchViewController.swift; sourceTree = "<group>"; };
		1591E1FB2C1A6946008259DB /* DownloudsViewController.swift */ = {isa = PBXFileReference; lastKnownFileType = sourcecode.swift; path = DownloudsViewController.swift; sourceTree = "<group>"; };
		15AD23DC2C1FB1800043C11C /* CallApi.swift */ = {isa = PBXFileReference; lastKnownFileType = sourcecode.swift; path = CallApi.swift; sourceTree = "<group>"; };
		15AD23DE2C1FC6AD0043C11C /* Movie.swift */ = {isa = PBXFileReference; lastKnownFileType = sourcecode.swift; path = Movie.swift; sourceTree = "<group>"; };
/* End PBXFileReference section */

/* Begin PBXFrameworksBuildPhase section */
		1544A7B82C1A332600C399A5 /* Frameworks */ = {
			isa = PBXFrameworksBuildPhase;
			buildActionMask = 2147483647;
			files = (
			);
			runOnlyForDeploymentPostprocessing = 0;
		};
		1544A7D12C1A332800C399A5 /* Frameworks */ = {
			isa = PBXFrameworksBuildPhase;
			buildActionMask = 2147483647;
			files = (
			);
			runOnlyForDeploymentPostprocessing = 0;
		};
		1544A7DB2C1A332800C399A5 /* Frameworks */ = {
			isa = PBXFrameworksBuildPhase;
			buildActionMask = 2147483647;
			files = (
			);
			runOnlyForDeploymentPostprocessing = 0;
		};
/* End PBXFrameworksBuildPhase section */

/* Begin PBXGroup section */
		1515F8B82C1B7A8E002AC85D /* Models */ = {
			isa = PBXGroup;
			children = (
				15AD23DE2C1FC6AD0043C11C /* Movie.swift */,
			);
			path = Models;
			sourceTree = "<group>";
		};
		1515F8BA2C1B7AAA002AC85D /* ViewModels */ = {
			isa = PBXGroup;
			children = (
			);
			path = ViewModels;
			sourceTree = "<group>";
		};
		1515F8BB2C1B7AE2002AC85D /* Resources */ = {
			isa = PBXGroup;
			children = (
			);
			path = Resources;
			sourceTree = "<group>";
		};
		1515F8BC2C1B7B3B002AC85D /* Managers */ = {
			isa = PBXGroup;
			children = (
				15AD23DC2C1FB1800043C11C /* CallApi.swift */,
			);
			path = Managers;
			sourceTree = "<group>";
		};
		1515F8BD2C1B7B51002AC85D /* Views */ = {
			isa = PBXGroup;
			children = (
				1515F8BE2C1B7CC9002AC85D /* CollectionViewTableViewCell.swift */,
				1515F8C02C1BBC0B002AC85D /* HomeHeaderUIView.swift */,
			);
			path = Views;
			sourceTree = "<group>";
		};
		1544A7B22C1A332600C399A5 = {
			isa = PBXGroup;
			children = (
				1544A7BD2C1A332600C399A5 /* Netflix Clone */,
				1544A7D72C1A332800C399A5 /* Netflix CloneTests */,
				1544A7E12C1A332800C399A5 /* Netflix CloneUITests */,
				1544A7BC2C1A332600C399A5 /* Products */,
			);
			sourceTree = "<group>";
		};
		1544A7BC2C1A332600C399A5 /* Products */ = {
			isa = PBXGroup;
			children = (
				1544A7BB2C1A332600C399A5 /* Netflix Clone.app */,
				1544A7D42C1A332800C399A5 /* Netflix CloneTests.xctest */,
				1544A7DE2C1A332800C399A5 /* Netflix CloneUITests.xctest */,
			);
			name = Products;
			sourceTree = "<group>";
		};
		1544A7BD2C1A332600C399A5 /* Netflix Clone */ = {
			isa = PBXGroup;
			children = (
				1515F8BC2C1B7B3B002AC85D /* Managers */,
				1515F8BB2C1B7AE2002AC85D /* Resources */,
				1515F8B82C1B7A8E002AC85D /* Models */,
				1515F8BA2C1B7AAA002AC85D /* ViewModels */,
				1515F8BD2C1B7B51002AC85D /* Views */,
				1591E1F42C1A68AA008259DB /* Controllers */,
				1544A7BE2C1A332600C399A5 /* AppDelegate.swift */,
				1544A7C02C1A332600C399A5 /* SceneDelegate.swift */,
				1544A7C22C1A332600C399A5 /* MainTabBarViewController.swift */,
				1544A7CA2C1A332800C399A5 /* Assets.xcassets */,
				1544A7CC2C1A332800C399A5 /* LaunchScreen.storyboard */,
				1544A7CF2C1A332800C399A5 /* Info.plist */,
				1544A7C72C1A332600C399A5 /* Netflix_Clone.xcdatamodeld */,
			);
			path = "Netflix Clone";
			sourceTree = "<group>";
		};
		1544A7D72C1A332800C399A5 /* Netflix CloneTests */ = {
			isa = PBXGroup;
			children = (
				1544A7D82C1A332800C399A5 /* Netflix_CloneTests.swift */,
			);
			path = "Netflix CloneTests";
			sourceTree = "<group>";
		};
		1544A7E12C1A332800C399A5 /* Netflix CloneUITests */ = {
			isa = PBXGroup;
			children = (
				1544A7E22C1A332800C399A5 /* Netflix_CloneUITests.swift */,
				1544A7E42C1A332800C399A5 /* Netflix_CloneUITestsLaunchTests.swift */,
			);
			path = "Netflix CloneUITests";
			sourceTree = "<group>";
		};
		1591E1F42C1A68AA008259DB /* Controllers */ = {
			isa = PBXGroup;
			children = (
				1591E1F52C1A68E7008259DB /* HomeViewController.swift */,
				1591E1F72C1A6901008259DB /* UpcomingViewController.swift */,
				1591E1F92C1A692D008259DB /* SearchViewController.swift */,
				1591E1FB2C1A6946008259DB /* DownloudsViewController.swift */,
			);
			path = Controllers;
			sourceTree = "<group>";
		};
/* End PBXGroup section */

/* Begin PBXNativeTarget section */
		1544A7BA2C1A332600C399A5 /* Netflix Clone */ = {
			isa = PBXNativeTarget;
			buildConfigurationList = 1544A7E82C1A332800C399A5 /* Build configuration list for PBXNativeTarget "Netflix Clone" */;
			buildPhases = (
				1544A7B72C1A332600C399A5 /* Sources */,
				1544A7B82C1A332600C399A5 /* Frameworks */,
				1544A7B92C1A332600C399A5 /* Resources */,
			);
			buildRules = (
			);
			dependencies = (
			);
			name = "Netflix Clone";
			productName = "Netflix Clone";
			productReference = 1544A7BB2C1A332600C399A5 /* Netflix Clone.app */;
			productType = "com.apple.product-type.application";
		};
		1544A7D32C1A332800C399A5 /* Netflix CloneTests */ = {
			isa = PBXNativeTarget;
			buildConfigurationList = 1544A7EB2C1A332800C399A5 /* Build configuration list for PBXNativeTarget "Netflix CloneTests" */;
			buildPhases = (
				1544A7D02C1A332800C399A5 /* Sources */,
				1544A7D12C1A332800C399A5 /* Frameworks */,
				1544A7D22C1A332800C399A5 /* Resources */,
			);
			buildRules = (
			);
			dependencies = (
				1544A7D62C1A332800C399A5 /* PBXTargetDependency */,
			);
			name = "Netflix CloneTests";
			productName = "Netflix CloneTests";
			productReference = 1544A7D42C1A332800C399A5 /* Netflix CloneTests.xctest */;
			productType = "com.apple.product-type.bundle.unit-test";
		};
		1544A7DD2C1A332800C399A5 /* Netflix CloneUITests */ = {
			isa = PBXNativeTarget;
			buildConfigurationList = 1544A7EE2C1A332800C399A5 /* Build configuration list for PBXNativeTarget "Netflix CloneUITests" */;
			buildPhases = (
				1544A7DA2C1A332800C399A5 /* Sources */,
				1544A7DB2C1A332800C399A5 /* Frameworks */,
				1544A7DC2C1A332800C399A5 /* Resources */,
			);
			buildRules = (
			);
			dependencies = (
				1544A7E02C1A332800C399A5 /* PBXTargetDependency */,
			);
			name = "Netflix CloneUITests";
			productName = "Netflix CloneUITests";
			productReference = 1544A7DE2C1A332800C399A5 /* Netflix CloneUITests.xctest */;
			productType = "com.apple.product-type.bundle.ui-testing";
		};
/* End PBXNativeTarget section */

/* Begin PBXProject section */
		1544A7B32C1A332600C399A5 /* Project object */ = {
			isa = PBXProject;
			attributes = {
				BuildIndependentTargetsInParallel = 1;
				LastSwiftUpdateCheck = 1540;
				LastUpgradeCheck = 1540;
				TargetAttributes = {
					1544A7BA2C1A332600C399A5 = {
						CreatedOnToolsVersion = 15.4;
					};
					1544A7D32C1A332800C399A5 = {
						CreatedOnToolsVersion = 15.4;
						TestTargetID = 1544A7BA2C1A332600C399A5;
					};
					1544A7DD2C1A332800C399A5 = {
						CreatedOnToolsVersion = 15.4;
						TestTargetID = 1544A7BA2C1A332600C399A5;
					};
				};
			};
			buildConfigurationList = 1544A7B62C1A332600C399A5 /* Build configuration list for PBXProject "Netflix Clone" */;
			compatibilityVersion = "Xcode 14.0";
			developmentRegion = en;
			hasScannedForEncodings = 0;
			knownRegions = (
				en,
				Base,
			);
			mainGroup = 1544A7B22C1A332600C399A5;
			productRefGroup = 1544A7BC2C1A332600C399A5 /* Products */;
			projectDirPath = "";
			projectRoot = "";
			targets = (
				1544A7BA2C1A332600C399A5 /* Netflix Clone */,
				1544A7D32C1A332800C399A5 /* Netflix CloneTests */,
				1544A7DD2C1A332800C399A5 /* Netflix CloneUITests */,
			);
		};
/* End PBXProject section */

/* Begin PBXResourcesBuildPhase section */
		1544A7B92C1A332600C399A5 /* Resources */ = {
			isa = PBXResourcesBuildPhase;
			buildActionMask = 2147483647;
			files = (
				1544A7CB2C1A332800C399A5 /* Assets.xcassets in Resources */,
				1544A7CE2C1A332800C399A5 /* Base in Resources */,
			);
			runOnlyForDeploymentPostprocessing = 0;
		};
		1544A7D22C1A332800C399A5 /* Resources */ = {
			isa = PBXResourcesBuildPhase;
			buildActionMask = 2147483647;
			files = (
			);
			runOnlyForDeploymentPostprocessing = 0;
		};
		1544A7DC2C1A332800C399A5 /* Resources */ = {
			isa = PBXResourcesBuildPhase;
			buildActionMask = 2147483647;
			files = (
			);
			runOnlyForDeploymentPostprocessing = 0;
		};
/* End PBXResourcesBuildPhase section */

/* Begin PBXSourcesBuildPhase section */
		1544A7B72C1A332600C399A5 /* Sources */ = {
			isa = PBXSourcesBuildPhase;
			buildActionMask = 2147483647;
			files = (
				1515F8C12C1BBC0B002AC85D /* HomeHeaderUIView.swift in Sources */,
				1591E1F82C1A6901008259DB /* UpcomingViewController.swift in Sources */,
				15AD23DF2C1FC6AD0043C11C /* Movie.swift in Sources */,
				1591E1FA2C1A692D008259DB /* SearchViewController.swift in Sources */,
				1591E1FC2C1A6946008259DB /* DownloudsViewController.swift in Sources */,
				1591E1F62C1A68E7008259DB /* HomeViewController.swift in Sources */,
				15AD23DD2C1FB1800043C11C /* CallApi.swift in Sources */,
				1544A7C92C1A332600C399A5 /* Netflix_Clone.xcdatamodeld in Sources */,
				1515F8BF2C1B7CC9002AC85D /* CollectionViewTableViewCell.swift in Sources */,
				1544A7C32C1A332600C399A5 /* MainTabBarViewController.swift in Sources */,
				1544A7BF2C1A332600C399A5 /* AppDelegate.swift in Sources */,
				1544A7C12C1A332600C399A5 /* SceneDelegate.swift in Sources */,
			);
			runOnlyForDeploymentPostprocessing = 0;
		};
		1544A7D02C1A332800C399A5 /* Sources */ = {
			isa = PBXSourcesBuildPhase;
			buildActionMask = 2147483647;
			files = (
				1544A7D92C1A332800C399A5 /* Netflix_CloneTests.swift in Sources */,
			);
			runOnlyForDeploymentPostprocessing = 0;
		};
		1544A7DA2C1A332800C399A5 /* Sources */ = {
			isa = PBXSourcesBuildPhase;
			buildActionMask = 2147483647;
			files = (
				1544A7E32C1A332800C399A5 /* Netflix_CloneUITests.swift in Sources */,
				1544A7E52C1A332800C399A5 /* Netflix_CloneUITestsLaunchTests.swift in Sources */,
			);
			runOnlyForDeploymentPostprocessing = 0;
		};
/* End PBXSourcesBuildPhase section */

/* Begin PBXTargetDependency section */
		1544A7D62C1A332800C399A5 /* PBXTargetDependency */ = {
			isa = PBXTargetDependency;
			target = 1544A7BA2C1A332600C399A5 /* Netflix Clone */;
			targetProxy = 1544A7D52C1A332800C399A5 /* PBXContainerItemProxy */;
		};
		1544A7E02C1A332800C399A5 /* PBXTargetDependency */ = {
			isa = PBXTargetDependency;
			target = 1544A7BA2C1A332600C399A5 /* Netflix Clone */;
			targetProxy = 1544A7DF2C1A332800C399A5 /* PBXContainerItemProxy */;
		};
/* End PBXTargetDependency section */

/* Begin PBXVariantGroup section */
		1544A7CC2C1A332800C399A5 /* LaunchScreen.storyboard */ = {
			isa = PBXVariantGroup;
			children = (
				1544A7CD2C1A332800C399A5 /* Base */,
			);
			name = LaunchScreen.storyboard;
			sourceTree = "<group>";
		};
/* End PBXVariantGroup section */

/* Begin XCBuildConfiguration section */
		1544A7E62C1A332800C399A5 /* Debug */ = {
			isa = XCBuildConfiguration;
			buildSettings = {
				ALWAYS_SEARCH_USER_PATHS = NO;
				ASSETCATALOG_COMPILER_GENERATE_SWIFT_ASSET_SYMBOL_EXTENSIONS = YES;
				CLANG_ANALYZER_NONNULL = YES;
				CLANG_ANALYZER_NUMBER_OBJECT_CONVERSION = YES_AGGRESSIVE;
				CLANG_CXX_LANGUAGE_STANDARD = "gnu++20";
				CLANG_ENABLE_MODULES = YES;
				CLANG_ENABLE_OBJC_ARC = YES;
				CLANG_ENABLE_OBJC_WEAK = YES;
				CLANG_WARN_BLOCK_CAPTURE_AUTORELEASING = YES;
				CLANG_WARN_BOOL_CONVERSION = YES;
				CLANG_WARN_COMMA = YES;
				CLANG_WARN_CONSTANT_CONVERSION = YES;
				CLANG_WARN_DEPRECATED_OBJC_IMPLEMENTATIONS = YES;
				CLANG_WARN_DIRECT_OBJC_ISA_USAGE = YES_ERROR;
				CLANG_WARN_DOCUMENTATION_COMMENTS = YES;
				CLANG_WARN_EMPTY_BODY = YES;
				CLANG_WARN_ENUM_CONVERSION = YES;
				CLANG_WARN_INFINITE_RECURSION = YES;
				CLANG_WARN_INT_CONVERSION = YES;
				CLANG_WARN_NON_LITERAL_NULL_CONVERSION = YES;
				CLANG_WARN_OBJC_IMPLICIT_RETAIN_SELF = YES;
				CLANG_WARN_OBJC_LITERAL_CONVERSION = YES;
				CLANG_WARN_OBJC_ROOT_CLASS = YES_ERROR;
				CLANG_WARN_QUOTED_INCLUDE_IN_FRAMEWORK_HEADER = YES;
				CLANG_WARN_RANGE_LOOP_ANALYSIS = YES;
				CLANG_WARN_STRICT_PROTOTYPES = YES;
				CLANG_WARN_SUSPICIOUS_MOVE = YES;
				CLANG_WARN_UNGUARDED_AVAILABILITY = YES_AGGRESSIVE;
				CLANG_WARN_UNREACHABLE_CODE = YES;
				CLANG_WARN__DUPLICATE_METHOD_MATCH = YES;
				COPY_PHASE_STRIP = NO;
				DEBUG_INFORMATION_FORMAT = dwarf;
				ENABLE_STRICT_OBJC_MSGSEND = YES;
				ENABLE_TESTABILITY = YES;
				ENABLE_USER_SCRIPT_SANDBOXING = YES;
				GCC_C_LANGUAGE_STANDARD = gnu17;
				GCC_DYNAMIC_NO_PIC = NO;
				GCC_NO_COMMON_BLOCKS = YES;
				GCC_OPTIMIZATION_LEVEL = 0;
				GCC_PREPROCESSOR_DEFINITIONS = (
					"DEBUG=1",
					"$(inherited)",
				);
				GCC_WARN_64_TO_32_BIT_CONVERSION = YES;
				GCC_WARN_ABOUT_RETURN_TYPE = YES_ERROR;
				GCC_WARN_UNDECLARED_SELECTOR = YES;
				GCC_WARN_UNINITIALIZED_AUTOS = YES_AGGRESSIVE;
				GCC_WARN_UNUSED_FUNCTION = YES;
				GCC_WARN_UNUSED_VARIABLE = YES;
				IPHONEOS_DEPLOYMENT_TARGET = 17.5;
				LOCALIZATION_PREFERS_STRING_CATALOGS = YES;
				MTL_ENABLE_DEBUG_INFO = INCLUDE_SOURCE;
				MTL_FAST_MATH = YES;
				ONLY_ACTIVE_ARCH = YES;
				SDKROOT = iphoneos;
				SWIFT_ACTIVE_COMPILATION_CONDITIONS = "DEBUG $(inherited)";
				SWIFT_OPTIMIZATION_LEVEL = "-Onone";
			};
			name = Debug;
		};
		1544A7E72C1A332800C399A5 /* Release */ = {
			isa = XCBuildConfiguration;
			buildSettings = {
				ALWAYS_SEARCH_USER_PATHS = NO;
				ASSETCATALOG_COMPILER_GENERATE_SWIFT_ASSET_SYMBOL_EXTENSIONS = YES;
				CLANG_ANALYZER_NONNULL = YES;
				CLANG_ANALYZER_NUMBER_OBJECT_CONVERSION = YES_AGGRESSIVE;
				CLANG_CXX_LANGUAGE_STANDARD = "gnu++20";
				CLANG_ENABLE_MODULES = YES;
				CLANG_ENABLE_OBJC_ARC = YES;
				CLANG_ENABLE_OBJC_WEAK = YES;
				CLANG_WARN_BLOCK_CAPTURE_AUTORELEASING = YES;
				CLANG_WARN_BOOL_CONVERSION = YES;
				CLANG_WARN_COMMA = YES;
				CLANG_WARN_CONSTANT_CONVERSION = YES;
				CLANG_WARN_DEPRECATED_OBJC_IMPLEMENTATIONS = YES;
				CLANG_WARN_DIRECT_OBJC_ISA_USAGE = YES_ERROR;
				CLANG_WARN_DOCUMENTATION_COMMENTS = YES;
				CLANG_WARN_EMPTY_BODY = YES;
				CLANG_WARN_ENUM_CONVERSION = YES;
				CLANG_WARN_INFINITE_RECURSION = YES;
				CLANG_WARN_INT_CONVERSION = YES;
				CLANG_WARN_NON_LITERAL_NULL_CONVERSION = YES;
				CLANG_WARN_OBJC_IMPLICIT_RETAIN_SELF = YES;
				CLANG_WARN_OBJC_LITERAL_CONVERSION = YES;
				CLANG_WARN_OBJC_ROOT_CLASS = YES_ERROR;
				CLANG_WARN_QUOTED_INCLUDE_IN_FRAMEWORK_HEADER = YES;
				CLANG_WARN_RANGE_LOOP_ANALYSIS = YES;
				CLANG_WARN_STRICT_PROTOTYPES = YES;
				CLANG_WARN_SUSPICIOUS_MOVE = YES;
				CLANG_WARN_UNGUARDED_AVAILABILITY = YES_AGGRESSIVE;
				CLANG_WARN_UNREACHABLE_CODE = YES;
				CLANG_WARN__DUPLICATE_METHOD_MATCH = YES;
				COPY_PHASE_STRIP = NO;
				DEBUG_INFORMATION_FORMAT = "dwarf-with-dsym";
				ENABLE_NS_ASSERTIONS = NO;
				ENABLE_STRICT_OBJC_MSGSEND = YES;
				ENABLE_USER_SCRIPT_SANDBOXING = YES;
				GCC_C_LANGUAGE_STANDARD = gnu17;
				GCC_NO_COMMON_BLOCKS = YES;
				GCC_WARN_64_TO_32_BIT_CONVERSION = YES;
				GCC_WARN_ABOUT_RETURN_TYPE = YES_ERROR;
				GCC_WARN_UNDECLARED_SELECTOR = YES;
				GCC_WARN_UNINITIALIZED_AUTOS = YES_AGGRESSIVE;
				GCC_WARN_UNUSED_FUNCTION = YES;
				GCC_WARN_UNUSED_VARIABLE = YES;
				IPHONEOS_DEPLOYMENT_TARGET = 17.5;
				LOCALIZATION_PREFERS_STRING_CATALOGS = YES;
				MTL_ENABLE_DEBUG_INFO = NO;
				MTL_FAST_MATH = YES;
				SDKROOT = iphoneos;
				SWIFT_COMPILATION_MODE = wholemodule;
				VALIDATE_PRODUCT = YES;
			};
			name = Release;
		};
		1544A7E92C1A332800C399A5 /* Debug */ = {
			isa = XCBuildConfiguration;
			buildSettings = {
				ASSETCATALOG_COMPILER_APPICON_NAME = AppIcon;
				ASSETCATALOG_COMPILER_GLOBAL_ACCENT_COLOR_NAME = AccentColor;
				CODE_SIGN_STYLE = Automatic;
				CURRENT_PROJECT_VERSION = 1;
				GENERATE_INFOPLIST_FILE = YES;
				INFOPLIST_FILE = "Netflix Clone/Info.plist";
				INFOPLIST_KEY_UIApplicationSupportsIndirectInputEvents = YES;
				INFOPLIST_KEY_UILaunchStoryboardName = LaunchScreen;
				INFOPLIST_KEY_UISupportedInterfaceOrientations_iPad = "UIInterfaceOrientationPortrait UIInterfaceOrientationPortraitUpsideDown UIInterfaceOrientationLandscapeLeft UIInterfaceOrientationLandscapeRight";
				INFOPLIST_KEY_UISupportedInterfaceOrientations_iPhone = "UIInterfaceOrientationPortrait UIInterfaceOrientationLandscapeLeft UIInterfaceOrientationLandscapeRight";
				LD_RUNPATH_SEARCH_PATHS = (
					"$(inherited)",
					"@executable_path/Frameworks",
				);
				MARKETING_VERSION = 1.0;
				PRODUCT_BUNDLE_IDENTIFIER = "com.MahmoudAlaa.Netflix-Clone";
				PRODUCT_NAME = "$(TARGET_NAME)";
				SWIFT_EMIT_LOC_STRINGS = YES;
				SWIFT_VERSION = 5.0;
				TARGETED_DEVICE_FAMILY = "1,2";
			};
			name = Debug;
		};
		1544A7EA2C1A332800C399A5 /* Release */ = {
			isa = XCBuildConfiguration;
			buildSettings = {
				ASSETCATALOG_COMPILER_APPICON_NAME = AppIcon;
				ASSETCATALOG_COMPILER_GLOBAL_ACCENT_COLOR_NAME = AccentColor;
				CODE_SIGN_STYLE = Automatic;
				CURRENT_PROJECT_VERSION = 1;
				GENERATE_INFOPLIST_FILE = YES;
				INFOPLIST_FILE = "Netflix Clone/Info.plist";
				INFOPLIST_KEY_UIApplicationSupportsIndirectInputEvents = YES;
				INFOPLIST_KEY_UILaunchStoryboardName = LaunchScreen;
				INFOPLIST_KEY_UISupportedInterfaceOrientations_iPad = "UIInterfaceOrientationPortrait UIInterfaceOrientationPortraitUpsideDown UIInterfaceOrientationLandscapeLeft UIInterfaceOrientationLandscapeRight";
				INFOPLIST_KEY_UISupportedInterfaceOrientations_iPhone = "UIInterfaceOrientationPortrait UIInterfaceOrientationLandscapeLeft UIInterfaceOrientationLandscapeRight";
				LD_RUNPATH_SEARCH_PATHS = (
					"$(inherited)",
					"@executable_path/Frameworks",
				);
				MARKETING_VERSION = 1.0;
				PRODUCT_BUNDLE_IDENTIFIER = "com.MahmoudAlaa.Netflix-Clone";
				PRODUCT_NAME = "$(TARGET_NAME)";
				SWIFT_EMIT_LOC_STRINGS = YES;
				SWIFT_VERSION = 5.0;
				TARGETED_DEVICE_FAMILY = "1,2";
			};
			name = Release;
		};
		1544A7EC2C1A332800C399A5 /* Debug */ = {
			isa = XCBuildConfiguration;
			buildSettings = {
				ALWAYS_EMBED_SWIFT_STANDARD_LIBRARIES = YES;
				BUNDLE_LOADER = "$(TEST_HOST)";
				CODE_SIGN_STYLE = Automatic;
				CURRENT_PROJECT_VERSION = 1;
				GENERATE_INFOPLIST_FILE = YES;
				IPHONEOS_DEPLOYMENT_TARGET = 17.5;
				MARKETING_VERSION = 1.0;
				PRODUCT_BUNDLE_IDENTIFIER = "com.MahmoudAlaa.Netflix-CloneTests";
				PRODUCT_NAME = "$(TARGET_NAME)";
				SWIFT_EMIT_LOC_STRINGS = NO;
				SWIFT_VERSION = 5.0;
				TARGETED_DEVICE_FAMILY = "1,2";
				TEST_HOST = "$(BUILT_PRODUCTS_DIR)/Netflix Clone.app/$(BUNDLE_EXECUTABLE_FOLDER_PATH)/Netflix Clone";
			};
			name = Debug;
		};
		1544A7ED2C1A332800C399A5 /* Release */ = {
			isa = XCBuildConfiguration;
			buildSettings = {
				ALWAYS_EMBED_SWIFT_STANDARD_LIBRARIES = YES;
				BUNDLE_LOADER = "$(TEST_HOST)";
				CODE_SIGN_STYLE = Automatic;
				CURRENT_PROJECT_VERSION = 1;
				GENERATE_INFOPLIST_FILE = YES;
				IPHONEOS_DEPLOYMENT_TARGET = 17.5;
				MARKETING_VERSION = 1.0;
				PRODUCT_BUNDLE_IDENTIFIER = "com.MahmoudAlaa.Netflix-CloneTests";
				PRODUCT_NAME = "$(TARGET_NAME)";
				SWIFT_EMIT_LOC_STRINGS = NO;
				SWIFT_VERSION = 5.0;
				TARGETED_DEVICE_FAMILY = "1,2";
				TEST_HOST = "$(BUILT_PRODUCTS_DIR)/Netflix Clone.app/$(BUNDLE_EXECUTABLE_FOLDER_PATH)/Netflix Clone";
			};
			name = Release;
		};
		1544A7EF2C1A332800C399A5 /* Debug */ = {
			isa = XCBuildConfiguration;
			buildSettings = {
				ALWAYS_EMBED_SWIFT_STANDARD_LIBRARIES = YES;
				CODE_SIGN_STYLE = Automatic;
				CURRENT_PROJECT_VERSION = 1;
				GENERATE_INFOPLIST_FILE = YES;
				MARKETING_VERSION = 1.0;
				PRODUCT_BUNDLE_IDENTIFIER = "com.MahmoudAlaa.Netflix-CloneUITests";
				PRODUCT_NAME = "$(TARGET_NAME)";
				SWIFT_EMIT_LOC_STRINGS = NO;
				SWIFT_VERSION = 5.0;
				TARGETED_DEVICE_FAMILY = "1,2";
				TEST_TARGET_NAME = "Netflix Clone";
			};
			name = Debug;
		};
		1544A7F02C1A332800C399A5 /* Release */ = {
			isa = XCBuildConfiguration;
			buildSettings = {
				ALWAYS_EMBED_SWIFT_STANDARD_LIBRARIES = YES;
				CODE_SIGN_STYLE = Automatic;
				CURRENT_PROJECT_VERSION = 1;
				GENERATE_INFOPLIST_FILE = YES;
				MARKETING_VERSION = 1.0;
				PRODUCT_BUNDLE_IDENTIFIER = "com.MahmoudAlaa.Netflix-CloneUITests";
				PRODUCT_NAME = "$(TARGET_NAME)";
				SWIFT_EMIT_LOC_STRINGS = NO;
				SWIFT_VERSION = 5.0;
				TARGETED_DEVICE_FAMILY = "1,2";
				TEST_TARGET_NAME = "Netflix Clone";
			};
			name = Release;
		};
/* End XCBuildConfiguration section */

/* Begin XCConfigurationList section */
		1544A7B62C1A332600C399A5 /* Build configuration list for PBXProject "Netflix Clone" */ = {
			isa = XCConfigurationList;
			buildConfigurations = (
				1544A7E62C1A332800C399A5 /* Debug */,
				1544A7E72C1A332800C399A5 /* Release */,
			);
			defaultConfigurationIsVisible = 0;
			defaultConfigurationName = Release;
		};
		1544A7E82C1A332800C399A5 /* Build configuration list for PBXNativeTarget "Netflix Clone" */ = {
			isa = XCConfigurationList;
			buildConfigurations = (
				1544A7E92C1A332800C399A5 /* Debug */,
				1544A7EA2C1A332800C399A5 /* Release */,
			);
			defaultConfigurationIsVisible = 0;
			defaultConfigurationName = Release;
		};
		1544A7EB2C1A332800C399A5 /* Build configuration list for PBXNativeTarget "Netflix CloneTests" */ = {
			isa = XCConfigurationList;
			buildConfigurations = (
				1544A7EC2C1A332800C399A5 /* Debug */,
				1544A7ED2C1A332800C399A5 /* Release */,
			);
			defaultConfigurationIsVisible = 0;
			defaultConfigurationName = Release;
		};
		1544A7EE2C1A332800C399A5 /* Build configuration list for PBXNativeTarget "Netflix CloneUITests" */ = {
			isa = XCConfigurationList;
			buildConfigurations = (
				1544A7EF2C1A332800C399A5 /* Debug */,
				1544A7F02C1A332800C399A5 /* Release */,
			);
			defaultConfigurationIsVisible = 0;
			defaultConfigurationName = Release;
		};
/* End XCConfigurationList section */

/* Begin XCVersionGroup section */
		1544A7C72C1A332600C399A5 /* Netflix_Clone.xcdatamodeld */ = {
			isa = XCVersionGroup;
			children = (
				1544A7C82C1A332600C399A5 /* Netflix_Clone.xcdatamodel */,
			);
			currentVersion = 1544A7C82C1A332600C399A5 /* Netflix_Clone.xcdatamodel */;
			path = Netflix_Clone.xcdatamodeld;
			sourceTree = "<group>";
			versionGroupType = wrapper.xcdatamodel;
		};
/* End XCVersionGroup section */
	};
	rootObject = 1544A7B32C1A332600C399A5 /* Project object */;
}
